// !$*UTF8*$!
{
	archiveVersion = 1;
	classes = {
	};
	objectVersion = 55;
	objects = {

/* Begin PBXBuildFile section */
		113EC1E227E7BB9C0059FED1 /* PBLoadingView.swift in Sources */ = {isa = PBXBuildFile; fileRef = 113EC1E127E7BB9C0059FED1 /* PBLoadingView.swift */; };
		113EC1E427E7BDA00059FED1 /* PBLoadingLabel.swift in Sources */ = {isa = PBXBuildFile; fileRef = 113EC1E327E7BDA00059FED1 /* PBLoadingLabel.swift */; };
		1192CFFF27E9AFFF00A61197 /* PBAlertContainerView.swift in Sources */ = {isa = PBXBuildFile; fileRef = 1192CFFE27E9AFFF00A61197 /* PBAlertContainerView.swift */; };
		1192D00127E9B06300A61197 /* PBAlertVC.swift in Sources */ = {isa = PBXBuildFile; fileRef = 1192D00027E9B06300A61197 /* PBAlertVC.swift */; };
		1192D00327E9B0D300A61197 /* PBAlertTitleLabel.swift in Sources */ = {isa = PBXBuildFile; fileRef = 1192D00227E9B0D300A61197 /* PBAlertTitleLabel.swift */; };
		1192D00527E9B19700A61197 /* PBAlertBodyLabel.swift in Sources */ = {isa = PBXBuildFile; fileRef = 1192D00427E9B19700A61197 /* PBAlertBodyLabel.swift */; };
		1192D00727E9B22A00A61197 /* PBAlertButton.swift in Sources */ = {isa = PBXBuildFile; fileRef = 1192D00627E9B22A00A61197 /* PBAlertButton.swift */; };
		1192D00927E9C0D800A61197 /* UIViewController+Ext.swift in Sources */ = {isa = PBXBuildFile; fileRef = 1192D00827E9C0D800A61197 /* UIViewController+Ext.swift */; };
		11BC042627E2216C00125D3A /* AppDelegate.swift in Sources */ = {isa = PBXBuildFile; fileRef = 11BC042527E2216C00125D3A /* AppDelegate.swift */; };
		11BC042827E2216C00125D3A /* SceneDelegate.swift in Sources */ = {isa = PBXBuildFile; fileRef = 11BC042727E2216C00125D3A /* SceneDelegate.swift */; };
		11BC042A27E2216C00125D3A /* CardVC.swift in Sources */ = {isa = PBXBuildFile; fileRef = 11BC042927E2216C00125D3A /* CardVC.swift */; };
		11BC042F27E2216D00125D3A /* Assets.xcassets in Resources */ = {isa = PBXBuildFile; fileRef = 11BC042E27E2216D00125D3A /* Assets.xcassets */; };
		11BC043227E2216D00125D3A /* LaunchScreen.storyboard in Resources */ = {isa = PBXBuildFile; fileRef = 11BC043027E2216D00125D3A /* LaunchScreen.storyboard */; };
		11BC043A27E24F6900125D3A /* PBRestartButton.swift in Sources */ = {isa = PBXBuildFile; fileRef = 11BC043927E24F6900125D3A /* PBRestartButton.swift */; };
		11BC043C27E26A3E00125D3A /* PBCardView.swift in Sources */ = {isa = PBXBuildFile; fileRef = 11BC043B27E26A3E00125D3A /* PBCardView.swift */; };
		11BC043E27E2714000125D3A /* PBCardNameLabel.swift in Sources */ = {isa = PBXBuildFile; fileRef = 11BC043D27E2713F00125D3A /* PBCardNameLabel.swift */; };
		11BC044027E2731800125D3A /* PBCardPokemonImageView.swift in Sources */ = {isa = PBXBuildFile; fileRef = 11BC043F27E2731800125D3A /* PBCardPokemonImageView.swift */; };
		11BC044227E274D600125D3A /* Constants.swift in Sources */ = {isa = PBXBuildFile; fileRef = 11BC044127E274D600125D3A /* Constants.swift */; };
		11BC044427E282D700125D3A /* PBCardPokemonStatsLabel.swift in Sources */ = {isa = PBXBuildFile; fileRef = 11BC044327E282D700125D3A /* PBCardPokemonStatsLabel.swift */; };
		11BC044627E2855100125D3A /* PBCardPokemonStatsView.swift in Sources */ = {isa = PBXBuildFile; fileRef = 11BC044527E2855100125D3A /* PBCardPokemonStatsView.swift */; };
		11BC046827E3542800125D3A /* PokeNameURLModel.swift in Sources */ = {isa = PBXBuildFile; fileRef = 11BC046727E3542800125D3A /* PokeNameURLModel.swift */; };
		11BC046C27E3938B00125D3A /* PokemonCard.swift in Sources */ = {isa = PBXBuildFile; fileRef = 11BC046B27E3938B00125D3A /* PokemonCard.swift */; };
		11BC046E27E4B44400125D3A /* NetworkManager.swift in Sources */ = {isa = PBXBuildFile; fileRef = 11BC046D27E4B44400125D3A /* NetworkManager.swift */; };
		11BC047027E4B66500125D3A /* PBError.swift in Sources */ = {isa = PBXBuildFile; fileRef = 11BC046F27E4B66500125D3A /* PBError.swift */; };
		11BC047227E4D1BB00125D3A /* PokeStatsModel.swift in Sources */ = {isa = PBXBuildFile; fileRef = 11BC047127E4D1BB00125D3A /* PokeStatsModel.swift */; };
/* End PBXBuildFile section */

/* Begin PBXFileReference section */
		113EC1E127E7BB9C0059FED1 /* PBLoadingView.swift */ = {isa = PBXFileReference; lastKnownFileType = sourcecode.swift; path = PBLoadingView.swift; sourceTree = "<group>"; };
		113EC1E327E7BDA00059FED1 /* PBLoadingLabel.swift */ = {isa = PBXFileReference; lastKnownFileType = sourcecode.swift; path = PBLoadingLabel.swift; sourceTree = "<group>"; };
		1192CFFE27E9AFFF00A61197 /* PBAlertContainerView.swift */ = {isa = PBXFileReference; lastKnownFileType = sourcecode.swift; path = PBAlertContainerView.swift; sourceTree = "<group>"; };
		1192D00027E9B06300A61197 /* PBAlertVC.swift */ = {isa = PBXFileReference; lastKnownFileType = sourcecode.swift; path = PBAlertVC.swift; sourceTree = "<group>"; };
		1192D00227E9B0D300A61197 /* PBAlertTitleLabel.swift */ = {isa = PBXFileReference; lastKnownFileType = sourcecode.swift; path = PBAlertTitleLabel.swift; sourceTree = "<group>"; };
		1192D00427E9B19700A61197 /* PBAlertBodyLabel.swift */ = {isa = PBXFileReference; lastKnownFileType = sourcecode.swift; path = PBAlertBodyLabel.swift; sourceTree = "<group>"; };
		1192D00627E9B22A00A61197 /* PBAlertButton.swift */ = {isa = PBXFileReference; lastKnownFileType = sourcecode.swift; path = PBAlertButton.swift; sourceTree = "<group>"; };
		1192D00827E9C0D800A61197 /* UIViewController+Ext.swift */ = {isa = PBXFileReference; lastKnownFileType = sourcecode.swift; path = "UIViewController+Ext.swift"; sourceTree = "<group>"; };
		1192D03827EB45F900A61197 /* README.md */ = {isa = PBXFileReference; lastKnownFileType = net.daringfireball.markdown; path = README.md; sourceTree = "<group>"; };
		11BC042227E2216C00125D3A /* Pokemon Browser.app */ = {isa = PBXFileReference; explicitFileType = wrapper.application; includeInIndex = 0; path = "Pokemon Browser.app"; sourceTree = BUILT_PRODUCTS_DIR; };
		11BC042527E2216C00125D3A /* AppDelegate.swift */ = {isa = PBXFileReference; lastKnownFileType = sourcecode.swift; path = AppDelegate.swift; sourceTree = "<group>"; };
		11BC042727E2216C00125D3A /* SceneDelegate.swift */ = {isa = PBXFileReference; lastKnownFileType = sourcecode.swift; path = SceneDelegate.swift; sourceTree = "<group>"; };
		11BC042927E2216C00125D3A /* CardVC.swift */ = {isa = PBXFileReference; lastKnownFileType = sourcecode.swift; path = CardVC.swift; sourceTree = "<group>"; };
		11BC042E27E2216D00125D3A /* Assets.xcassets */ = {isa = PBXFileReference; lastKnownFileType = folder.assetcatalog; path = Assets.xcassets; sourceTree = "<group>"; };
		11BC043127E2216D00125D3A /* Base */ = {isa = PBXFileReference; lastKnownFileType = file.storyboard; name = Base; path = Base.lproj/LaunchScreen.storyboard; sourceTree = "<group>"; };
		11BC043327E2216D00125D3A /* Info.plist */ = {isa = PBXFileReference; lastKnownFileType = text.plist.xml; path = Info.plist; sourceTree = "<group>"; };
		11BC043927E24F6900125D3A /* PBRestartButton.swift */ = {isa = PBXFileReference; lastKnownFileType = sourcecode.swift; path = PBRestartButton.swift; sourceTree = "<group>"; };
		11BC043B27E26A3E00125D3A /* PBCardView.swift */ = {isa = PBXFileReference; lastKnownFileType = sourcecode.swift; path = PBCardView.swift; sourceTree = "<group>"; };
		11BC043D27E2713F00125D3A /* PBCardNameLabel.swift */ = {isa = PBXFileReference; lastKnownFileType = sourcecode.swift; path = PBCardNameLabel.swift; sourceTree = "<group>"; };
		11BC043F27E2731800125D3A /* PBCardPokemonImageView.swift */ = {isa = PBXFileReference; lastKnownFileType = sourcecode.swift; path = PBCardPokemonImageView.swift; sourceTree = "<group>"; };
		11BC044127E274D600125D3A /* Constants.swift */ = {isa = PBXFileReference; lastKnownFileType = sourcecode.swift; path = Constants.swift; sourceTree = "<group>"; };
		11BC044327E282D700125D3A /* PBCardPokemonStatsLabel.swift */ = {isa = PBXFileReference; lastKnownFileType = sourcecode.swift; path = PBCardPokemonStatsLabel.swift; sourceTree = "<group>"; };
		11BC044527E2855100125D3A /* PBCardPokemonStatsView.swift */ = {isa = PBXFileReference; lastKnownFileType = sourcecode.swift; path = PBCardPokemonStatsView.swift; sourceTree = "<group>"; };
		11BC046727E3542800125D3A /* PokeNameURLModel.swift */ = {isa = PBXFileReference; lastKnownFileType = sourcecode.swift; path = PokeNameURLModel.swift; sourceTree = "<group>"; };
		11BC046B27E3938B00125D3A /* PokemonCard.swift */ = {isa = PBXFileReference; lastKnownFileType = sourcecode.swift; path = PokemonCard.swift; sourceTree = "<group>"; };
		11BC046D27E4B44400125D3A /* NetworkManager.swift */ = {isa = PBXFileReference; lastKnownFileType = sourcecode.swift; path = NetworkManager.swift; sourceTree = "<group>"; };
		11BC046F27E4B66500125D3A /* PBError.swift */ = {isa = PBXFileReference; lastKnownFileType = sourcecode.swift; path = PBError.swift; sourceTree = "<group>"; };
		11BC047127E4D1BB00125D3A /* PokeStatsModel.swift */ = {isa = PBXFileReference; lastKnownFileType = sourcecode.swift; path = PokeStatsModel.swift; sourceTree = "<group>"; };
/* End PBXFileReference section */

/* Begin PBXFrameworksBuildPhase section */
		11BC041F27E2216C00125D3A /* Frameworks */ = {
			isa = PBXFrameworksBuildPhase;
			buildActionMask = 2147483647;
			files = (
			);
			runOnlyForDeploymentPostprocessing = 0;
		};
/* End PBXFrameworksBuildPhase section */

/* Begin PBXGroup section */
		1192D00A27E9E66600A61197 /* Model */ = {
			isa = PBXGroup;
			children = (
				11BC046B27E3938B00125D3A /* PokemonCard.swift */,
				11BC046727E3542800125D3A /* PokeNameURLModel.swift */,
				11BC047127E4D1BB00125D3A /* PokeStatsModel.swift */,
			);
			path = Model;
			sourceTree = "<group>";
		};
		1192D00B27E9E6B100A61197 /* Labels */ = {
			isa = PBXGroup;
			children = (
				11BC043D27E2713F00125D3A /* PBCardNameLabel.swift */,
				113EC1E327E7BDA00059FED1 /* PBLoadingLabel.swift */,
				1192D00427E9B19700A61197 /* PBAlertBodyLabel.swift */,
				1192D00227E9B0D300A61197 /* PBAlertTitleLabel.swift */,
				11BC044327E282D700125D3A /* PBCardPokemonStatsLabel.swift */,
			);
			path = Labels;
			sourceTree = "<group>";
		};
		1192D00C27E9E6CE00A61197 /* Buttons */ = {
			isa = PBXGroup;
			children = (
				11BC043927E24F6900125D3A /* PBRestartButton.swift */,
				1192D00627E9B22A00A61197 /* PBAlertButton.swift */,
			);
			path = Buttons;
			sourceTree = "<group>";
		};
		1192D00D27E9E6E600A61197 /* Views */ = {
			isa = PBXGroup;
			children = (
				11BC043B27E26A3E00125D3A /* PBCardView.swift */,
				113EC1E127E7BB9C0059FED1 /* PBLoadingView.swift */,
				11BC044527E2855100125D3A /* PBCardPokemonStatsView.swift */,
				1192CFFE27E9AFFF00A61197 /* PBAlertContainerView.swift */,
			);
			path = Views;
			sourceTree = "<group>";
		};
		1192D00E27E9E71600A61197 /* ImageViews */ = {
			isa = PBXGroup;
			children = (
				11BC043F27E2731800125D3A /* PBCardPokemonImageView.swift */,
			);
			path = ImageViews;
			sourceTree = "<group>";
		};
		1192D00F27E9E72900A61197 /* Managers */ = {
			isa = PBXGroup;
			children = (
				11BC046D27E4B44400125D3A /* NetworkManager.swift */,
			);
			path = Managers;
			sourceTree = "<group>";
		};
		1192D01027E9E75900A61197 /* Utilities */ = {
			isa = PBXGroup;
			children = (
				11BC044127E274D600125D3A /* Constants.swift */,
				11BC046F27E4B66500125D3A /* PBError.swift */,
			);
			path = Utilities;
			sourceTree = "<group>";
		};
		1192D01127E9E7C900A61197 /* Screens */ = {
			isa = PBXGroup;
			children = (
				11BC042927E2216C00125D3A /* CardVC.swift */,
			);
			path = Screens;
			sourceTree = "<group>";
		};
		1192D01227E9E7F500A61197 /* ViewControllers */ = {
			isa = PBXGroup;
			children = (
				1192D00027E9B06300A61197 /* PBAlertVC.swift */,
			);
			path = ViewControllers;
			sourceTree = "<group>";
		};
		1192D01327E9E89D00A61197 /* Extensions */ = {
			isa = PBXGroup;
			children = (
				1192D00827E9C0D800A61197 /* UIViewController+Ext.swift */,
			);
			path = Extensions;
			sourceTree = "<group>";
		};
		1192D01427E9E8D000A61197 /* Custom Views */ = {
			isa = PBXGroup;
			children = (
				1192D00B27E9E6B100A61197 /* Labels */,
				1192D01227E9E7F500A61197 /* ViewControllers */,
				1192D00E27E9E71600A61197 /* ImageViews */,
				1192D00C27E9E6CE00A61197 /* Buttons */,
				1192D00D27E9E6E600A61197 /* Views */,
			);
			path = "Custom Views";
			sourceTree = "<group>";
		};
		1192D01527E9E90800A61197 /* Support */ = {
			isa = PBXGroup;
			children = (
				11BC042527E2216C00125D3A /* AppDelegate.swift */,
				11BC042727E2216C00125D3A /* SceneDelegate.swift */,
				11BC042E27E2216D00125D3A /* Assets.xcassets */,
				11BC043027E2216D00125D3A /* LaunchScreen.storyboard */,
			);
			path = Support;
			sourceTree = "<group>";
		};
		11BC041927E2216C00125D3A = {
			isa = PBXGroup;
			children = (
				1192D03827EB45F900A61197 /* README.md */,
				11BC042427E2216C00125D3A /* MobileDeveloperTask2022 */,
				11BC042327E2216C00125D3A /* Products */,
			);
			sourceTree = "<group>";
		};
		11BC042327E2216C00125D3A /* Products */ = {
			isa = PBXGroup;
			children = (
				11BC042227E2216C00125D3A /* Pokemon Browser.app */,
			);
			name = Products;
			sourceTree = "<group>";
		};
		11BC042427E2216C00125D3A /* MobileDeveloperTask2022 */ = {
			isa = PBXGroup;
			children = (
				1192D01027E9E75900A61197 /* Utilities */,
				1192D00F27E9E72900A61197 /* Managers */,
				1192D00A27E9E66600A61197 /* Model */,
				1192D01327E9E89D00A61197 /* Extensions */,
				1192D01427E9E8D000A61197 /* Custom Views */,
				1192D01127E9E7C900A61197 /* Screens */,
				1192D01527E9E90800A61197 /* Support */,
				11BC043327E2216D00125D3A /* Info.plist */,
			);
			path = MobileDeveloperTask2022;
			sourceTree = "<group>";
		};
/* End PBXGroup section */

/* Begin PBXNativeTarget section */
		11BC042127E2216C00125D3A /* Pokemon Browser */ = {
			isa = PBXNativeTarget;
			buildConfigurationList = 11BC043627E2216D00125D3A /* Build configuration list for PBXNativeTarget "Pokemon Browser" */;
			buildPhases = (
				11BC041E27E2216C00125D3A /* Sources */,
				11BC041F27E2216C00125D3A /* Frameworks */,
				11BC042027E2216C00125D3A /* Resources */,
			);
			buildRules = (
			);
			dependencies = (
			);
			name = "Pokemon Browser";
			productName = MobileDeveloperTask2022;
			productReference = 11BC042227E2216C00125D3A /* Pokemon Browser.app */;
			productType = "com.apple.product-type.application";
		};
/* End PBXNativeTarget section */

/* Begin PBXProject section */
		11BC041A27E2216C00125D3A /* Project object */ = {
			isa = PBXProject;
			attributes = {
				BuildIndependentTargetsInParallel = 1;
				LastSwiftUpdateCheck = 1330;
				LastUpgradeCheck = 1330;
				TargetAttributes = {
					11BC042127E2216C00125D3A = {
						CreatedOnToolsVersion = 13.3;
					};
				};
			};
			buildConfigurationList = 11BC041D27E2216C00125D3A /* Build configuration list for PBXProject "Pokemon Browser" */;
			compatibilityVersion = "Xcode 13.0";
			developmentRegion = en;
			hasScannedForEncodings = 0;
			knownRegions = (
				en,
				Base,
			);
			mainGroup = 11BC041927E2216C00125D3A;
			productRefGroup = 11BC042327E2216C00125D3A /* Products */;
			projectDirPath = "";
			projectRoot = "";
			targets = (
				11BC042127E2216C00125D3A /* Pokemon Browser */,
			);
		};
/* End PBXProject section */

/* Begin PBXResourcesBuildPhase section */
		11BC042027E2216C00125D3A /* Resources */ = {
			isa = PBXResourcesBuildPhase;
			buildActionMask = 2147483647;
			files = (
				11BC043227E2216D00125D3A /* LaunchScreen.storyboard in Resources */,
				11BC042F27E2216D00125D3A /* Assets.xcassets in Resources */,
			);
			runOnlyForDeploymentPostprocessing = 0;
		};
/* End PBXResourcesBuildPhase section */

/* Begin PBXSourcesBuildPhase section */
		11BC041E27E2216C00125D3A /* Sources */ = {
			isa = PBXSourcesBuildPhase;
			buildActionMask = 2147483647;
			files = (
				11BC042A27E2216C00125D3A /* CardVC.swift in Sources */,
				1192D00127E9B06300A61197 /* PBAlertVC.swift in Sources */,
				11BC042627E2216C00125D3A /* AppDelegate.swift in Sources */,
				11BC047027E4B66500125D3A /* PBError.swift in Sources */,
				11BC043C27E26A3E00125D3A /* PBCardView.swift in Sources */,
				1192D00927E9C0D800A61197 /* UIViewController+Ext.swift in Sources */,
				11BC046E27E4B44400125D3A /* NetworkManager.swift in Sources */,
				11BC042827E2216C00125D3A /* SceneDelegate.swift in Sources */,
				11BC043A27E24F6900125D3A /* PBRestartButton.swift in Sources */,
				11BC044027E2731800125D3A /* PBCardPokemonImageView.swift in Sources */,
				11BC044627E2855100125D3A /* PBCardPokemonStatsView.swift in Sources */,
				1192D00327E9B0D300A61197 /* PBAlertTitleLabel.swift in Sources */,
				11BC046C27E3938B00125D3A /* PokemonCard.swift in Sources */,
				11BC043E27E2714000125D3A /* PBCardNameLabel.swift in Sources */,
				1192D00527E9B19700A61197 /* PBAlertBodyLabel.swift in Sources */,
				11BC044227E274D600125D3A /* Constants.swift in Sources */,
				11BC047227E4D1BB00125D3A /* PokeStatsModel.swift in Sources */,
				113EC1E427E7BDA00059FED1 /* PBLoadingLabel.swift in Sources */,
				11BC044427E282D700125D3A /* PBCardPokemonStatsLabel.swift in Sources */,
				11BC046827E3542800125D3A /* PokeNameURLModel.swift in Sources */,
				113EC1E227E7BB9C0059FED1 /* PBLoadingView.swift in Sources */,
				1192D00727E9B22A00A61197 /* PBAlertButton.swift in Sources */,
				1192CFFF27E9AFFF00A61197 /* PBAlertContainerView.swift in Sources */,
			);
			runOnlyForDeploymentPostprocessing = 0;
		};
/* End PBXSourcesBuildPhase section */

/* Begin PBXVariantGroup section */
		11BC043027E2216D00125D3A /* LaunchScreen.storyboard */ = {
			isa = PBXVariantGroup;
			children = (
				11BC043127E2216D00125D3A /* Base */,
			);
			name = LaunchScreen.storyboard;
			sourceTree = "<group>";
		};
/* End PBXVariantGroup section */

/* Begin XCBuildConfiguration section */
		11BC043427E2216D00125D3A /* Debug */ = {
			isa = XCBuildConfiguration;
			buildSettings = {
				ALWAYS_SEARCH_USER_PATHS = NO;
				CLANG_ANALYZER_NONNULL = YES;
				CLANG_ANALYZER_NUMBER_OBJECT_CONVERSION = YES_AGGRESSIVE;
				CLANG_CXX_LANGUAGE_STANDARD = "gnu++17";
				CLANG_ENABLE_MODULES = YES;
				CLANG_ENABLE_OBJC_ARC = YES;
				CLANG_ENABLE_OBJC_WEAK = YES;
				CLANG_WARN_BLOCK_CAPTURE_AUTORELEASING = YES;
				CLANG_WARN_BOOL_CONVERSION = YES;
				CLANG_WARN_COMMA = YES;
				CLANG_WARN_CONSTANT_CONVERSION = YES;
				CLANG_WARN_DEPRECATED_OBJC_IMPLEMENTATIONS = YES;
				CLANG_WARN_DIRECT_OBJC_ISA_USAGE = YES_ERROR;
				CLANG_WARN_DOCUMENTATION_COMMENTS = YES;
				CLANG_WARN_EMPTY_BODY = YES;
				CLANG_WARN_ENUM_CONVERSION = YES;
				CLANG_WARN_INFINITE_RECURSION = YES;
				CLANG_WARN_INT_CONVERSION = YES;
				CLANG_WARN_NON_LITERAL_NULL_CONVERSION = YES;
				CLANG_WARN_OBJC_IMPLICIT_RETAIN_SELF = YES;
				CLANG_WARN_OBJC_LITERAL_CONVERSION = YES;
				CLANG_WARN_OBJC_ROOT_CLASS = YES_ERROR;
				CLANG_WARN_QUOTED_INCLUDE_IN_FRAMEWORK_HEADER = YES;
				CLANG_WARN_RANGE_LOOP_ANALYSIS = YES;
				CLANG_WARN_STRICT_PROTOTYPES = YES;
				CLANG_WARN_SUSPICIOUS_MOVE = YES;
				CLANG_WARN_UNGUARDED_AVAILABILITY = YES_AGGRESSIVE;
				CLANG_WARN_UNREACHABLE_CODE = YES;
				CLANG_WARN__DUPLICATE_METHOD_MATCH = YES;
				COPY_PHASE_STRIP = NO;
				DEBUG_INFORMATION_FORMAT = dwarf;
				ENABLE_STRICT_OBJC_MSGSEND = YES;
				ENABLE_TESTABILITY = YES;
				GCC_C_LANGUAGE_STANDARD = gnu11;
				GCC_DYNAMIC_NO_PIC = NO;
				GCC_NO_COMMON_BLOCKS = YES;
				GCC_OPTIMIZATION_LEVEL = 0;
				GCC_PREPROCESSOR_DEFINITIONS = (
					"DEBUG=1",
					"$(inherited)",
				);
				GCC_WARN_64_TO_32_BIT_CONVERSION = YES;
				GCC_WARN_ABOUT_RETURN_TYPE = YES_ERROR;
				GCC_WARN_UNDECLARED_SELECTOR = YES;
				GCC_WARN_UNINITIALIZED_AUTOS = YES_AGGRESSIVE;
				GCC_WARN_UNUSED_FUNCTION = YES;
				GCC_WARN_UNUSED_VARIABLE = YES;
				IPHONEOS_DEPLOYMENT_TARGET = 15.4;
				MTL_ENABLE_DEBUG_INFO = INCLUDE_SOURCE;
				MTL_FAST_MATH = YES;
				ONLY_ACTIVE_ARCH = YES;
				SDKROOT = iphoneos;
				SWIFT_ACTIVE_COMPILATION_CONDITIONS = DEBUG;
				SWIFT_OPTIMIZATION_LEVEL = "-Onone";
			};
			name = Debug;
		};
		11BC043527E2216D00125D3A /* Release */ = {
			isa = XCBuildConfiguration;
			buildSettings = {
				ALWAYS_SEARCH_USER_PATHS = NO;
				CLANG_ANALYZER_NONNULL = YES;
				CLANG_ANALYZER_NUMBER_OBJECT_CONVERSION = YES_AGGRESSIVE;
				CLANG_CXX_LANGUAGE_STANDARD = "gnu++17";
				CLANG_ENABLE_MODULES = YES;
				CLANG_ENABLE_OBJC_ARC = YES;
				CLANG_ENABLE_OBJC_WEAK = YES;
				CLANG_WARN_BLOCK_CAPTURE_AUTORELEASING = YES;
				CLANG_WARN_BOOL_CONVERSION = YES;
				CLANG_WARN_COMMA = YES;
				CLANG_WARN_CONSTANT_CONVERSION = YES;
				CLANG_WARN_DEPRECATED_OBJC_IMPLEMENTATIONS = YES;
				CLANG_WARN_DIRECT_OBJC_ISA_USAGE = YES_ERROR;
				CLANG_WARN_DOCUMENTATION_COMMENTS = YES;
				CLANG_WARN_EMPTY_BODY = YES;
				CLANG_WARN_ENUM_CONVERSION = YES;
				CLANG_WARN_INFINITE_RECURSION = YES;
				CLANG_WARN_INT_CONVERSION = YES;
				CLANG_WARN_NON_LITERAL_NULL_CONVERSION = YES;
				CLANG_WARN_OBJC_IMPLICIT_RETAIN_SELF = YES;
				CLANG_WARN_OBJC_LITERAL_CONVERSION = YES;
				CLANG_WARN_OBJC_ROOT_CLASS = YES_ERROR;
				CLANG_WARN_QUOTED_INCLUDE_IN_FRAMEWORK_HEADER = YES;
				CLANG_WARN_RANGE_LOOP_ANALYSIS = YES;
				CLANG_WARN_STRICT_PROTOTYPES = YES;
				CLANG_WARN_SUSPICIOUS_MOVE = YES;
				CLANG_WARN_UNGUARDED_AVAILABILITY = YES_AGGRESSIVE;
				CLANG_WARN_UNREACHABLE_CODE = YES;
				CLANG_WARN__DUPLICATE_METHOD_MATCH = YES;
				COPY_PHASE_STRIP = NO;
				DEBUG_INFORMATION_FORMAT = "dwarf-with-dsym";
				ENABLE_NS_ASSERTIONS = NO;
				ENABLE_STRICT_OBJC_MSGSEND = YES;
				GCC_C_LANGUAGE_STANDARD = gnu11;
				GCC_NO_COMMON_BLOCKS = YES;
				GCC_WARN_64_TO_32_BIT_CONVERSION = YES;
				GCC_WARN_ABOUT_RETURN_TYPE = YES_ERROR;
				GCC_WARN_UNDECLARED_SELECTOR = YES;
				GCC_WARN_UNINITIALIZED_AUTOS = YES_AGGRESSIVE;
				GCC_WARN_UNUSED_FUNCTION = YES;
				GCC_WARN_UNUSED_VARIABLE = YES;
				IPHONEOS_DEPLOYMENT_TARGET = 15.4;
				MTL_ENABLE_DEBUG_INFO = NO;
				MTL_FAST_MATH = YES;
				SDKROOT = iphoneos;
				SWIFT_COMPILATION_MODE = wholemodule;
				SWIFT_OPTIMIZATION_LEVEL = "-O";
				VALIDATE_PRODUCT = YES;
			};
			name = Release;
		};
		11BC043727E2216D00125D3A /* Debug */ = {
			isa = XCBuildConfiguration;
			buildSettings = {
				ASSETCATALOG_COMPILER_APPICON_NAME = AppIcon;
				ASSETCATALOG_COMPILER_GLOBAL_ACCENT_COLOR_NAME = AccentColor;
				CODE_SIGN_IDENTITY = "Apple Development";
				CODE_SIGN_STYLE = Automatic;
				CURRENT_PROJECT_VERSION = 1;
				DEVELOPMENT_TEAM = YZFK9TGNLQ;
				GENERATE_INFOPLIST_FILE = YES;
				INFOPLIST_FILE = MobileDeveloperTask2022/Info.plist;
				INFOPLIST_KEY_CFBundleDisplayName = "Pokemon Browser";
				INFOPLIST_KEY_UIApplicationSupportsIndirectInputEvents = YES;
				INFOPLIST_KEY_UILaunchStoryboardName = LaunchScreen;
				INFOPLIST_KEY_UISupportedInterfaceOrientations = "UIInterfaceOrientationPortrait UIInterfaceOrientationLandscapeLeft UIInterfaceOrientationLandscapeRight";
				INFOPLIST_KEY_UISupportedInterfaceOrientations_iPad = "UIInterfaceOrientationPortrait UIInterfaceOrientationPortraitUpsideDown UIInterfaceOrientationLandscapeLeft UIInterfaceOrientationLandscapeRight";
				INFOPLIST_KEY_UISupportedInterfaceOrientations_iPhone = "UIInterfaceOrientationPortrait UIInterfaceOrientationLandscapeLeft UIInterfaceOrientationLandscapeRight";
				LD_RUNPATH_SEARCH_PATHS = (
					"$(inherited)",
					"@executable_path/Frameworks",
				);
				MARKETING_VERSION = 1.0;
				PRODUCT_BUNDLE_IDENTIFIER = com.phtechnologysolutions.PokemonBrowser;
				PRODUCT_NAME = "$(TARGET_NAME)";
				PROVISIONING_PROFILE_SPECIFIER = "";
				SWIFT_EMIT_LOC_STRINGS = YES;
				SWIFT_VERSION = 5.0;
				TARGETED_DEVICE_FAMILY = "1,2";
			};
			name = Debug;
		};
		11BC043827E2216D00125D3A /* Release */ = {
			isa = XCBuildConfiguration;
			buildSettings = {
				ASSETCATALOG_COMPILER_APPICON_NAME = AppIcon;
				ASSETCATALOG_COMPILER_GLOBAL_ACCENT_COLOR_NAME = AccentColor;
				CODE_SIGN_STYLE = Automatic;
				CURRENT_PROJECT_VERSION = 1;
				DEVELOPMENT_TEAM = YZFK9TGNLQ;
				GENERATE_INFOPLIST_FILE = YES;
				INFOPLIST_FILE = MobileDeveloperTask2022/Info.plist;
				INFOPLIST_KEY_CFBundleDisplayName = "Pokemon Browser";
				INFOPLIST_KEY_UIApplicationSupportsIndirectInputEvents = YES;
				INFOPLIST_KEY_UILaunchStoryboardName = LaunchScreen;
				INFOPLIST_KEY_UISupportedInterfaceOrientations = "UIInterfaceOrientationPortrait UIInterfaceOrientationLandscapeLeft UIInterfaceOrientationLandscapeRight";
				INFOPLIST_KEY_UISupportedInterfaceOrientations_iPad = "UIInterfaceOrientationPortrait UIInterfaceOrientationPortraitUpsideDown UIInterfaceOrientationLandscapeLeft UIInterfaceOrientationLandscapeRight";
				INFOPLIST_KEY_UISupportedInterfaceOrientations_iPhone = "UIInterfaceOrientationPortrait UIInterfaceOrientationLandscapeLeft UIInterfaceOrientationLandscapeRight";
				LD_RUNPATH_SEARCH_PATHS = (
					"$(inherited)",
					"@executable_path/Frameworks",
				);
				MARKETING_VERSION = 1.0;
				PRODUCT_BUNDLE_IDENTIFIER = com.phtechnologysolutions.PokemonBrowser;
				PRODUCT_NAME = "$(TARGET_NAME)";
				SWIFT_EMIT_LOC_STRINGS = YES;
				SWIFT_VERSION = 5.0;
				TARGETED_DEVICE_FAMILY = "1,2";
			};
			name = Release;
		};
/* End XCBuildConfiguration section */

/* Begin XCConfigurationList section */
		11BC041D27E2216C00125D3A /* Build configuration list for PBXProject "Pokemon Browser" */ = {
			isa = XCConfigurationList;
			buildConfigurations = (
				11BC043427E2216D00125D3A /* Debug */,
				11BC043527E2216D00125D3A /* Release */,
			);
			defaultConfigurationIsVisible = 0;
			defaultConfigurationName = Release;
		};
		11BC043627E2216D00125D3A /* Build configuration list for PBXNativeTarget "Pokemon Browser" */ = {
			isa = XCConfigurationList;
			buildConfigurations = (
				11BC043727E2216D00125D3A /* Debug */,
				11BC043827E2216D00125D3A /* Release */,
			);
			defaultConfigurationIsVisible = 0;
			defaultConfigurationName = Release;
		};
/* End XCConfigurationList section */
	};
	rootObject = 11BC041A27E2216C00125D3A /* Project object */;
}
